{
    "name": "react-typescript-tailwind",
    "lockfileVersion": 2,
    "requires": true,
    "packages": {
      "": {
        "dependencies": {
          "@mdi/js": "^7.0.96",
          "@reduxjs/toolkit": "^1.8.5",
          "axios": "^1.3.4",
          "chart.js": "^3.9.1",
          "formik": "^2.2.9",
          "jsonwebtoken": "^9.0.0",
          "jwt-decode": "^3.1.2",
          "next": "^13.0.4",
          "numeral": "^2.0.6",
          "react": "^18.2.0",
          "react-chartjs-2": "^4.3.1",
          "react-dom": "^18.2.0",
          "react-redux": "^8.0.2",
          "swr": "^1.3.0"
        },
        "devDependencies": {
          "@tailwindcss/forms": "^0.5.2",
          "@tailwindcss/line-clamp": "^0.4.0",
          "@types/node": "18.7.16",
          "@types/numeral": "^2.0.2",
          "@types/react-redux": "^7.1.24",
          "@typescript-eslint/eslint-plugin": "^5.37.0",
          "@typescript-eslint/parser": "^5.37.0",
          "autoprefixer": "^10.4.0",
          "eslint": "^8.23.1",
          "eslint-config-next": "^13.0.4",
          "eslint-config-prettier": "^8.5.0",
          "postcss": "^8.4.4",
          "postcss-import": "^14.1.0",
          "prettier": "^2.7.1",
          "tailwindcss": "^3.0.0",
          "typescript": "^4.8.3"
        }
      },
      "node_modules/@babel/runtime": {
        "version": "7.19.0",
        "resolved": "https://registry.npmjs.org/@babel/runtime/-/runtime-7.19.0.tgz",
        "integrity": "sha512-eR8Lo9hnDS7tqkO7NsV+mKvCmv5boaXFSZ70DnfhcgiEne8hv9oCEd36Klw74EtizEqLsy4YnW8UWwpBVolHZA==",
        "dependencies": {
          "regenerator-runtime": "^0.13.4"
        },
        "engines": {
          "node": ">=6.9.0"
        }
      },
      "node_modules/@babel/runtime-corejs3": {
        "version": "7.19.0",
        "resolved": "https://registry.npmjs.org/@babel/runtime-corejs3/-/runtime-corejs3-7.19.0.tgz",
        "integrity": "sha512-JyXXoCu1N8GLuKc2ii8y5RGma5FMpFeO2nAQIe0Yzrbq+rQnN+sFj47auLblR5ka6aHNGPDgv8G/iI2Grb0ldQ==",
        "dev": true,
        "dependencies": {
          "core-js-pure": "^3.20.2",
          "regenerator-runtime": "^0.13.4"
        },
        "engines": {
          "node": ">=6.9.0"
        }
      },
      "node_modules/@eslint/eslintrc": {
        "version": "1.3.2",
        "resolved": "https://registry.npmjs.org/@eslint/eslintrc/-/eslintrc-1.3.2.tgz",
        "integrity": "sha512-AXYd23w1S/bv3fTs3Lz0vjiYemS08jWkI3hYyS9I1ry+0f+Yjs1wm+sU0BS8qDOPrBIkp4qHYC16I8uVtpLajQ==",
        "dev": true,
        "dependencies": {
          "ajv": "^6.12.4",
          "debug": "^4.3.2",
          "espree": "^9.4.0",
          "globals": "^13.15.0",
          "ignore": "^5.2.0",
          "import-fresh": "^3.2.1",
          "js-yaml": "^4.1.0",
          "minimatch": "^3.1.2",
          "strip-json-comments": "^3.1.1"
        },
        "engines": {
          "node": "^12.22.0 || ^14.17.0 || >=16.0.0"
        },
        "funding": {
          "url": "https://opencollective.com/eslint"
        }
      },
      "node_modules/@humanwhocodes/config-array": {
        "version": "0.10.4",
        "resolved": "https://registry.npmjs.org/@humanwhocodes/config-array/-/config-array-0.10.4.tgz",
        "integrity": "sha512-mXAIHxZT3Vcpg83opl1wGlVZ9xydbfZO3r5YfRSH6Gpp2J/PfdBP0wbDa2sO6/qRbcalpoevVyW6A/fI6LfeMw==",
        "dev": true,
        "dependencies": {
          "@humanwhocodes/object-schema": "^1.2.1",
          "debug": "^4.1.1",
          "minimatch": "^3.0.4"
        },
        "engines": {
          "node": ">=10.10.0"
        }
      },
      "node_modules/@humanwhocodes/gitignore-to-minimatch": {
        "version": "1.0.2",
        "resolved": "https://registry.npmjs.org/@humanwhocodes/gitignore-to-minimatch/-/gitignore-to-minimatch-1.0.2.tgz",
        "integrity": "sha512-rSqmMJDdLFUsyxR6FMtD00nfQKKLFb1kv+qBbOVKqErvloEIJLo5bDTJTQNTYgeyp78JsA7u/NPi5jT1GR/MuA==",
        "dev": true,
        "funding": {
          "type": "github",
          "url": "https://github.com/sponsors/nzakas"
        }
      },
      "node_modules/@humanwhocodes/module-importer": {
        "version": "1.0.1",
        "resolved": "https://registry.npmjs.org/@humanwhocodes/module-importer/-/module-importer-1.0.1.tgz",
        "integrity": "sha512-bxveV4V8v5Yb4ncFTT3rPSgZBOpCkjfK0y4oVVVJwIuDVBRMDXrPyXRL988i5ap9m9bnyEEjWfm5WkBmtffLfA==",
        "dev": true,
        "engines": {
          "node": ">=12.22"
        },
        "funding": {
          "type": "github",
          "url": "https://github.com/sponsors/nzakas"
        }
      },
      "node_modules/@humanwhocodes/object-schema": {
        "version": "1.2.1",
        "resolved": "https://registry.npmjs.org/@humanwhocodes/object-schema/-/object-schema-1.2.1.tgz",
        "integrity": "sha512-ZnQMnLV4e7hDlUvw8H+U8ASL02SS2Gn6+9Ac3wGGLIe7+je2AeAOxPY+izIPJDfFDb7eDjev0Us8MO1iFRN8hA==",
        "dev": true
      },
      "node_modules/@mdi/js": {
        "version": "7.0.96",
        "resolved": "https://registry.npmjs.org/@mdi/js/-/js-7.0.96.tgz",
        "integrity": "sha512-lNqhkV3cpPfYb/Avh+vXLFukUTbHbyHoFo4Jdc7Oc9UvURGVhamFIpgOVvEf2bNA78zvjXTZeVWExUTR+DLBfQ=="
      },
      "node_modules/@next/env": {
        "version": "13.0.4",
        "resolved": "https://registry.npmjs.org/@next/env/-/env-13.0.4.tgz",
        "integrity": "sha512-N5Z3bdxBzoxrC5bwykDFITzdWuwDteOdZ+7nxixY+I1XpRX8/iQYbw2wuXMdqdfBGm2NNUpAqg8YF2e4oAC2UQ=="
      },
      "node_modules/@next/eslint-plugin-next": {
        "version": "13.0.4",
        "resolved": "https://registry.npmjs.org/@next/eslint-plugin-next/-/eslint-plugin-next-13.0.4.tgz",
        "integrity": "sha512-jZ4urKT+aO9QHm3ttihrIQscQISDSKK8isAom750+EySn9o3LCSkTdPGBtvBqY7Yku+NqhfQempR5J58DqTaVg==",
        "dev": true,
        "dependencies": {
          "glob": "7.1.7"
        }
      },
      "node_modules/@next/swc-android-arm-eabi": {
        "version": "13.0.4",
        "resolved": "https://registry.npmjs.org/@next/swc-android-arm-eabi/-/swc-android-arm-eabi-13.0.4.tgz",
        "integrity": "sha512-SD9H+/zuV3L0oHIhsDdFkDqFtg6pIHtqRUPlsrNdOsmWXgMlSzxBmwt2ta4kyrazS62BQu7XRUG++ZyODS7AWg==",
        "cpu": [
          "arm"
        ],
        "optional": true,
        "os": [
          "android"
        ],
        "engines": {
          "node": ">= 10"
        }
      },
      "node_modules/@next/swc-android-arm64": {
        "version": "13.0.4",
        "resolved": "https://registry.npmjs.org/@next/swc-android-arm64/-/swc-android-arm64-13.0.4.tgz",
        "integrity": "sha512-F8W5WcBbdn/zBoy32/mQiefs9DNsT12CTSSVCsO8GvQR7GjJU+uduQ4drKcSDoDLuAFULc2jDN06Circq4vuQg==",
        "cpu": [
          "arm64"
        ],
        "optional": true,
        "os": [
          "android"
        ],
        "engines": {
          "node": ">= 10"
        }
      },
      "node_modules/@next/swc-darwin-arm64": {
        "version": "13.0.4",
        "resolved": "https://registry.npmjs.org/@next/swc-darwin-arm64/-/swc-darwin-arm64-13.0.4.tgz",
        "integrity": "sha512-/lajev+9GSie+rRTl5z8skW9RJwZ+TwMKLzzM24TbDk8lUjqPTyJZ/cU0NDj8J7VQAZ6EehACSh9rcJeBRtLuA==",
        "cpu": [
          "arm64"
        ],
        "optional": true,
        "os": [
          "darwin"
        ],
        "engines": {
          "node": ">= 10"
        }
      },
      "node_modules/@next/swc-darwin-x64": {
        "version": "13.0.4",
        "resolved": "https://registry.npmjs.org/@next/swc-darwin-x64/-/swc-darwin-x64-13.0.4.tgz",
        "integrity": "sha512-HK4b2rFiju8d40GTL/jH9U6OQ7BYA2MeEHs7Dm7Rp7kwQtLzP3z6osdQS8er20tIFHDE4b+oVBy03ZUQkHf0Pg==",
        "cpu": [
          "x64"
        ],
        "optional": true,
        "os": [
          "darwin"
        ],
        "engines": {
          "node": ">= 10"
        }
      },
      "node_modules/@next/swc-freebsd-x64": {
        "version": "13.0.4",
        "resolved": "https://registry.npmjs.org/@next/swc-freebsd-x64/-/swc-freebsd-x64-13.0.4.tgz",
        "integrity": "sha512-xBvIGLaGzZtgJfRRJ2DBN82DQCJ/O7jkXyBp8X/vHefPWyVXVqF6C68Rv8ADp11thPpf8WpjkvDDLb9AuWHQUA==",
        "cpu": [
          "x64"
        ],
        "optional": true,
        "os": [
          "freebsd"
        ],
        "engines": {
          "node": ">= 10"
        }
      },
      "node_modules/@next/swc-linux-arm-gnueabihf": {
        "version": "13.0.4",
        "resolved": "https://registry.npmjs.org/@next/swc-linux-arm-gnueabihf/-/swc-linux-arm-gnueabihf-13.0.4.tgz",
        "integrity": "sha512-s13pxNp9deKmmxEGTp1MoL1e4nf4wbEymEaHgFxUlhoR1OD9tK8oTNrQphQePJgVjzcWmRGH/dX7O9mVkHbU/g==",
        "cpu": [
          "arm"
        ],
        "optional": true,
        "os": [
          "linux"
        ],
        "engines": {
          "node": ">= 10"
        }
      },
      "node_modules/@next/swc-linux-arm64-gnu": {
        "version": "13.0.4",
        "resolved": "https://registry.npmjs.org/@next/swc-linux-arm64-gnu/-/swc-linux-arm64-gnu-13.0.4.tgz",
        "integrity": "sha512-Lklo65usNzoYwjX51CpDKOepWVZBdwO49/Jz3djxiYUr2lRtpDVnlfwCvzN+47j3BMVMWtC2ndIi8Q4s3J0v4g==",
        "cpu": [
          "arm64"
        ],
        "optional": true,
        "os": [
          "linux"
        ],
        "engines": {
          "node": ">= 10"
        }
      },
      "node_modules/@next/swc-linux-arm64-musl": {
        "version": "13.0.4",
        "resolved": "https://registry.npmjs.org/@next/swc-linux-arm64-musl/-/swc-linux-arm64-musl-13.0.4.tgz",
        "integrity": "sha512-+3BXtXBwjVhd5lahDe5nKZ7EwD6hE/oLFQkITCvgxymU5qYHGlLFyF52/lyw8qhyxoCr7mMVsUFhlCzVwCfNjg==",
        "cpu": [
          "arm64"
        ],
        "optional": true,
        "os": [
          "linux"
        ],
        "engines": {
          "node": ">= 10"
        }
      },
      "node_modules/@next/swc-linux-x64-gnu": {
        "version": "13.0.4",
        "resolved": "https://registry.npmjs.org/@next/swc-linux-x64-gnu/-/swc-linux-x64-gnu-13.0.4.tgz",
        "integrity": "sha512-QB8qoZrvHhZsz62nUrTKlp5IiZ8I7KZsaa6437H/W/NOZHLGJjCxROnhUjLvKVe/T5P86pjya2SUOUqWAjz4Pg==",
        "cpu": [
          "x64"
        ],
        "optional": true,
        "os": [
          "linux"
        ],
        "engines": {
          "node": ">= 10"
        }
      },
      "node_modules/@next/swc-linux-x64-musl": {
        "version": "13.0.4",
        "resolved": "https://registry.npmjs.org/@next/swc-linux-x64-musl/-/swc-linux-x64-musl-13.0.4.tgz",
        "integrity": "sha512-WaahF6DYUQRg1QqIMcuOu2ZsFhS3aC5iWeQyeptMHklP9wb4FfTNmBArKHknX/GXD8P9gI38WTAHJ25cc0zVwg==",
        "cpu": [
          "x64"
        ]}
    }
}