# THIS IS AN AUTOGENERATED FILE. DO NOT EDIT THIS FILE DIRECTLY.
# yarn lockfile v1


"@apidevtools/json-schema-ref-parser@^9.0.6":
  version "9.1.2"
  resolved "https://registry.yarnpkg.com/@apidevtools/json-schema-ref-parser/-/json-schema-ref-parser-9.1.2.tgz#8ff5386b365d4c9faa7c8b566ff16a46a577d9b8"
  integrity sha512-r1w81DpR+KyRWd3f+rk6TNqMgedmAxZP5v5KWlXQWlgMUUtyEJch0DKEci1SorPMiSeM8XPl7MZ3miJ60JIpQg==
  dependencies:
    "@jsdevtools/ono" "^7.1.3"
    "@types/json-schema" "^7.0.6"
    call-me-maybe "^1.0.1"
    js-yaml "^4.1.0"

"@apidevtools/openapi-schemas@^2.0.4":
  version "2.1.0"
  resolved "https://registry.yarnpkg.com/@apidevtools/openapi-schemas/-/openapi-schemas-2.1.0.tgz#9fa08017fb59d80538812f03fc7cac5992caaa17"
  integrity sha512-Zc1AlqrJlX3SlpupFGpiLi2EbteyP7fXmUOGup6/DnkRgjP9bgMM/ag+n91rsv0U1Gpz0H3VILA/o3bW7Ua6BQ==

"@apidevtools/swagger-methods@^3.0.2":
  version "3.0.2"
  resolved "https://registry.yarnpkg.com/@apidevtools/swagger-methods/-/swagger-methods-3.0.2.tgz#b789a362e055b0340d04712eafe7027ddc1ac267"
  integrity sha512-QAkD5kK2b1WfjDS/UQn/qQkbwF31uqRjPTrsCs5ZG9BQGAkjwvqGFjjPqAuzac/IYzpPtRzjCP1WrTuAIjMrXg==

"@apidevtools/swagger-parser@10.0.3":
  version "10.0.3"
  resolved "https://registry.yarnpkg.com/@apidevtools/swagger-parser/-/swagger-parser-10.0.3.tgz#32057ae99487872c4dd96b314a1ab4b95d89eaf5"
  integrity sha512-sNiLY51vZOmSPFZA5TF35KZ2HbgYklQnTSDnkghamzLb3EkNtcQnrBQEj5AOCxHpTtXpqMCRM1CrmV2rG6nw4g==
  dependencies:
    "@apidevtools/json-schema-ref-parser" "^9.0.6"
    "@apidevtools/openapi-schemas" "^2.0.4"
    "@apidevtools/swagger-methods" "^3.0.2"
    "@jsdevtools/ono" "^7.1.3"
    call-me-maybe "^1.0.1"
    z-schema "^5.0.1"

"@azure/abort-controller@^1.0.0", "@azure/abort-controller@^1.0.4", "@azure/abort-controller@^1.1.0":
  version "1.1.0"
  resolved "https://registry.yarnpkg.com/@azure/abort-controller/-/abort-controller-1.1.0.tgz#788ee78457a55af8a1ad342acb182383d2119249"
  integrity sha512-TrRLIoSQVzfAJX9H1JeFjzAoDGcoK1IYX1UImfceTZpsyYfWr09Ss1aHW1y5TrrR3iq6RZLBwJ3E24uwPhwahw==
  dependencies:
    tslib "^2.2.0"

"@azure/core-auth@^1.3.0", "@azure/core-auth@^1.4.0":
  version "1.5.0"
  resolved "https://registry.yarnpkg.com/@azure/core-auth/-/core-auth-1.5.0.tgz#a41848c5c31cb3b7c84c409885267d55a2c92e44"
  integrity sha512-udzoBuYG1VBoHVohDTrvKjyzel34zt77Bhp7dQntVGGD0ehVq48owENbBG8fIgkHRNUBQH5k1r0hpoMu5L8+kw==
  dependencies:
    "@azure/abort-controller" "^1.0.0"
    "@azure/core-util" "^1.1.0"
    tslib "^2.2.0"

"@azure/core-client@^1.3.0", "@azure/core-client@^1.4.0", "@azure/core-client@^1.5.0":
  version "1.7.3"
  resolved "https://registry.yarnpkg.com/@azure/core-client/-/core-client-1.7.3.tgz#f8cb2a1f91e8bc4921fa2e745cfdfda3e6e491a3"
  integrity sha512-kleJ1iUTxcO32Y06dH9Pfi9K4U+Tlb111WXEnbt7R/ne+NLRwppZiTGJuTD5VVoxTMK5NTbEtm5t2vcdNCFe2g==
  dependencies:
    "@azure/abort-controller" "^1.0.0"
    "@azure/core-auth" "^1.4.0"
    "@azure/core-rest-pipeline" "^1.9.1"
    "@azure/core-tracing" "^1.0.0"
    "@azure/core-util" "^1.0.0"
    "@azure/logger" "^1.0.0"
    tslib "^2.2.0"

"@azure/core-http-compat@^1.3.0":
  version "1.3.0"
  resolved "https://registry.yarnpkg.com/@azure/core-http-compat/-/core-http-compat-1.3.0.tgz#bf3d8ae1e310103f2b82550f36fd2a99c9b4d3f4"
  integrity sha512-ZN9avruqbQ5TxopzG3ih3KRy52n8OAbitX3fnZT5go4hzu0J+KVPSzkL+Wt3hpJpdG8WIfg1sBD1tWkgUdEpBA==
  dependencies:
    "@azure/abort-controller" "^1.0.4"
    "@azure/core-client" "^1.3.0"
    "@azure/core-rest-pipeline" "^1.3.0"

"@azure/core-lro@^2.2.0":
  version "2.5.4"
  resolved "https://registry.yarnpkg.com/@azure/core-lro/-/core-lro-2.5.4.tgz#b21e2bcb8bd9a8a652ff85b61adeea51a8055f90"
  integrity sha512-3GJiMVH7/10bulzOKGrrLeG/uCBH/9VtxqaMcB9lIqAeamI/xYQSHJL/KcsLDuH+yTjYpro/u6D/MuRe4dN70Q==
  dependencies:
    "@azure/abort-controller" "^1.0.0"
    "@azure/core-util" "^1.2.0"
    "@azure/logger" "^1.0.0"
    tslib "^2.2.0"

"@azure/core-paging@^1.1.1":
  version "1.5.0"
  resolved "https://registry.yarnpkg.com/@azure/core-paging/-/core-paging-1.5.0.tgz#5a5b09353e636072e6a7fc38f7879e11d0afb15f"
  integrity sha512-zqWdVIt+2Z+3wqxEOGzR5hXFZ8MGKK52x4vFLw8n58pR6ZfKRx3EXYTxTaYxYHc/PexPUTyimcTWFJbji9Z6Iw==
  dependencies:
    tslib "^2.2.0"

"@azure/core-rest-pipeline@^1.1.0", "@azure/core-rest-pipeline@^1.3.0", "@azure/core-rest-pipeline@^1.8.1", "@azure/core-rest-pipeline@^1.9.1":
  version "1.13.0"
  resolved "https://registry.yarnpkg.com/@azure/core-rest-pipeline/-/core-rest-pipeline-1.13.0.tgz#770b003c351b4869e3f1c85800bacb947c98cd33"
  integrity sha512-a62aP/wppgmnfIkJLfcB4ssPBcH94WzrzPVJ3tlJt050zX4lfmtnvy95D3igDo3f31StO+9BgPrzvkj4aOxnoA==
  dependencies:
    "@azure/abort-controller" "^1.1.0"
    "@azure/core-auth" "^1.4.0"
    "@azure/core-tracing" "^1.0.1"
    "@azure/core-util" "^1.3.0"
    "@azure/logger" "^1.0.0"
    http-proxy-agent "^5.0.0"
    https-proxy-agent "^5.0.0"
    tslib "^2.2.0"

"@azure/core-tracing@^1.0.0", "@azure/core-tracing@^1.0.1":
  version "1.0.1"
  resolved "https://registry.yarnpkg.com/@azure/core-tracing/-/core-tracing-1.0.1.tgz#352a38cbea438c4a83c86b314f48017d70ba9503"
  integrity sha512-I5CGMoLtX+pI17ZdiFJZgxMJApsK6jjfm85hpgp3oazCdq5Wxgh4wMr7ge/TTWW1B5WBuvIOI1fMU/FrOAMKrw==
  dependencies:
    tslib "^2.2.0"

"@azure/core-util@^1.0.0", "@azure/core-util@^1.1.0", "@azure/core-util@^1.2.0", "@azure/core-util@^1.3.0":
  version "1.6.1"
  resolved "https://registry.yarnpkg.com/@azure/core-util/-/core-util-1.6.1.tgz#fea221c4fa43c26543bccf799beb30c1c7878f5a"
  integrity sha512-h5taHeySlsV9qxuK64KZxy4iln1BtMYlNt5jbuEFN3UFSAd1EwKg/Gjl5a6tZ/W8t6li3xPnutOx7zbDyXnPmQ==
  dependencies:
    "@azure/abort-controller" "^1.0.0"
    tslib "^2.2.0"

"@azure/identity@^2.0.4":
  version "2.1.0"
  resolved "https://registry.yarnpkg.com/@azure/identity/-/identity-2.1.0.tgz#89f0bfc1d1264dfd3d0cb19837c33a9c6706d548"
  integrity sha512-BPDz1sK7Ul9t0l9YKLEa8PHqWU4iCfhGJ+ELJl6c8CP3TpJt2urNCbm0ZHsthmxRsYoMPbz2Dvzj30zXZVmAFw==
  dependencies:
    "@azure/abort-controller" "^1.0.0"
    "@azure/core-auth" "^1.3.0"
    "@azure/core-client" "^1.4.0"
    "@azure/core-rest-pipeline" "^1.1.0"
    "@azure/core-tracing" "^1.0.0"
    "@azure/core-util" "^1.0.0"
    "@azure/logger" "^1.0.0"
    "@azure/msal-browser" "^2.26.0"
    "@azure/msal-common" "^7.0.0"
    "@azure/msal-node" "^1.10.0"
    events "^3.0.0"
    jws "^4.0.0"
    open "^8.0.0"
    stoppable "^1.1.0"
    tslib "^2.2.0"
    uuid "^8.3.0"

"@azure/keyvault-keys@^4.4.0":
  version "4.7.2"
  resolved "https://registry.yarnpkg.com/@azure/keyvault-keys/-/keyvault-keys-4.7.2.tgz#51eb8f693ab4a4481a1461ed2be5a729e64ea684"
  integrity sha512-VdIH6PjbQ3J5ntK+xeI8eOe1WsDxF9ndXw8BPR/9MZVnIj0vQNtNCS6gpR7EFQeGcs8XjzMfHm0AvKGErobqJQ==
  dependencies:
    "@azure/abort-controller" "^1.0.0"
    "@azure/core-auth" "^1.3.0"
    "@azure/core-client" "^1.5.0"
    "@azure/core-http-compat" "^1.3.0"
    "@azure/core-lro" "^2.2.0"
    "@azure/core-paging" "^1.1.1"
    "@azure/core-rest-pipeline" "^1.8.1"
    "@azure/core-tracing" "^1.0.0"
    "@azure/core-util" "^1.0.0"
    "@azure/logger" "^1.0.0"
    tslib "^2.2.0"

"@azure/logger@^1.0.0":
  version "1.0.4"
  resolved "https://registry.yarnpkg.com/@azure/logger/-/logger-1.0.4.tgz#28bc6d0e5b3c38ef29296b32d35da4e483593fa1"
  integrity sha512-ustrPY8MryhloQj7OWGe+HrYx+aoiOxzbXTtgblbV3xwCqpzUK36phH3XNHQKj3EPonyFUuDTfR3qFhTEAuZEg==
  dependencies:
    tslib "^2.2.0"

"@azure/msal-browser@^2.26.0":
  version "2.38.3"
  resolved "https://registry.yarnpkg.com/@azure/msal-browser/-/msal-browser-2.38.3.tgz#2f131fa9b7a8a9546fc8d34e5d99ce4c18b04147"
  integrity sha512-2WuLFnWWPR1IdvhhysT18cBbkXx1z0YIchVss5AwVA95g7CU5CpT3d+5BcgVGNXDXbUU7/5p0xYHV99V5z8C/A==
  dependencies:
    "@azure/msal-common" "13.3.1"

"@azure/msal-common@13.3.1":
  version "13.3.1"
  resolved "https://registry.yarnpkg.com/@azure/msal-common/-/msal-common-13.3.1.tgz#012465bf940d12375dc47387b754ccf9d6b92180"
  integrity sha512-Lrk1ozoAtaP/cp53May3v6HtcFSVxdFrg2Pa/1xu5oIvsIwhxW6zSPibKefCOVgd5osgykMi5jjcZHv8XkzZEQ==

"@azure/msal-common@^7.0.0":
  version "7.6.0"
  resolved "https://registry.yarnpkg.com/@azure/msal-common/-/msal-common-7.6.0.tgz#b52e97ef540275f72611cff57937dfa0b34cdcca"
  integrity sha512-XqfbglUTVLdkHQ8F9UQJtKseRr3sSnr9ysboxtoswvaMVaEfvyLtMoHv9XdKUfOc0qKGzNgRFd9yRjIWVepl6Q==

"@azure/msal-node@^1.10.0":
  version "1.18.4"
  resolved "https://registry.yarnpkg.com/@azure/msal-node/-/msal-node-1.18.4.tgz#c921b0447c92fb3b0cb1ebf5a9a76fcad2ec7c21"
  integrity sha512-Kc/dRvhZ9Q4+1FSfsTFDME/v6+R2Y1fuMty/TfwqE5p9GTPw08BPbKgeWinE8JRHRp+LemjQbUZsn4Q4l6Lszg==
  dependencies:
    "@azure/msal-common" "13.3.1"
    jsonwebtoken "^9.0.0"
    uuid "^8.3.0"

"@google-cloud/paginator@^3.0.7":
  version "3.0.7"
  resolved "https://registry.yarnpkg.com/@google-cloud/paginator/-/paginator-3.0.7.tgz#fb6f8e24ec841f99defaebf62c75c2e744dd419b"
  integrity sha512-jJNutk0arIQhmpUUQJPJErsojqo834KcyB6X7a1mxuic8i1tKXxde8E69IZxNZawRIlZdIK2QY4WALvlK5MzYQ==
  dependencies:
    arrify "^2.0.0"
    extend "^3.0.2"

"@google-cloud/projectify@^2.0.0":
  version "2.1.1"
  resolved "https://registry.yarnpkg.com/@google-cloud/projectify/-/projectify-2.1.1.tgz#ae6af4fee02d78d044ae434699a630f8df0084ef"
  integrity sha512-+rssMZHnlh0twl122gXY4/aCrk0G1acBqkHFfYddtsqpYXGxA29nj9V5V9SfC+GyOG00l650f6lG9KL+EpFEWQ==

"@google-cloud/promisify@^2.0.0":
  version "2.0.4"
  resolved "https://registry.yarnpkg.com/@google-cloud/promisify/-/promisify-2.0.4.tgz#9d8705ecb2baa41b6b2673f3a8e9b7b7e1abc52a"
  integrity sha512-j8yRSSqswWi1QqUGKVEKOG03Q7qOoZP6/h2zN2YO+F5h2+DHU0bSrHCK9Y7lo2DI9fBd8qGAw795sf+3Jva4yA==

"@google-cloud/storage@^5.18.2":
  version "5.20.5"
  resolved "https://registry.yarnpkg.com/@google-cloud/storage/-/storage-5.20.5.tgz#1de71fc88d37934a886bc815722c134b162d335d"
  integrity sha512-lOs/dCyveVF8TkVFnFSF7IGd0CJrTm91qiK6JLu+Z8qiT+7Ag0RyVhxZIWkhiACqwABo7kSHDm8FdH8p2wxSSw==
  dependencies: